// !$*UTF8*$!
{
	archiveVersion = 1;
	classes = {
	};
	objectVersion = 56;
	objects = {

/* Begin PBXBuildFile section */
		EE9ECD4C2BF5211D00A00F8D /* AppDelegate.swift in Sources */ = {isa = PBXBuildFile; fileRef = EE9ECD4B2BF5211D00A00F8D /* AppDelegate.swift */; };
		EE9ECD4E2BF5211D00A00F8D /* SceneDelegate.swift in Sources */ = {isa = PBXBuildFile; fileRef = EE9ECD4D2BF5211D00A00F8D /* SceneDelegate.swift */; };
		EE9ECD502BF5211D00A00F8D /* MoviesListViewController.swift in Sources */ = {isa = PBXBuildFile; fileRef = EE9ECD4F2BF5211D00A00F8D /* MoviesListViewController.swift */; };
		EE9ECD552BF5211F00A00F8D /* Assets.xcassets in Resources */ = {isa = PBXBuildFile; fileRef = EE9ECD542BF5211F00A00F8D /* Assets.xcassets */; };
		EE9ECD582BF5211F00A00F8D /* Base in Resources */ = {isa = PBXBuildFile; fileRef = EE9ECD572BF5211F00A00F8D /* Base */; };
		EE9ECD612BF522C300A00F8D /* UIViewController.swift in Sources */ = {isa = PBXBuildFile; fileRef = EE9ECD602BF522C300A00F8D /* UIViewController.swift */; };
		EE9ECD632BF5230F00A00F8D /* CodeView.swift in Sources */ = {isa = PBXBuildFile; fileRef = EE9ECD622BF5230F00A00F8D /* CodeView.swift */; };
		EE9ECD662BF52BFE00A00F8D /* MoviesCollectionView.swift in Sources */ = {isa = PBXBuildFile; fileRef = EE9ECD652BF52BFE00A00F8D /* MoviesCollectionView.swift */; };
		EE9ECD682BF52C7F00A00F8D /* GenreCell.swift in Sources */ = {isa = PBXBuildFile; fileRef = EE9ECD672BF52C7F00A00F8D /* GenreCell.swift */; };
		EE9ECD6A2BF52EC900A00F8D /* MovieCell.swift in Sources */ = {isa = PBXBuildFile; fileRef = EE9ECD692BF52EC900A00F8D /* MovieCell.swift */; };
		EE9ECD6C2BF534F600A00F8D /* MoviesListViewModel.swift in Sources */ = {isa = PBXBuildFile; fileRef = EE9ECD6B2BF534F600A00F8D /* MoviesListViewModel.swift */; };
		EE9ECD6E2BF535E500A00F8D /* Bindable.swift in Sources */ = {isa = PBXBuildFile; fileRef = EE9ECD6D2BF535E500A00F8D /* Bindable.swift */; };
		EE9ECD702BF536EF00A00F8D /* MovieService.swift in Sources */ = {isa = PBXBuildFile; fileRef = EE9ECD6F2BF536EF00A00F8D /* MovieService.swift */; };
		EEE173FE2BFBCD4C003FAF78 /* Kingfisher in Frameworks */ = {isa = PBXBuildFile; productRef = EEE173FD2BFBCD4C003FAF78 /* Kingfisher */; };
		EEE174002BFBCDF3003FAF78 /* Movie.swift in Sources */ = {isa = PBXBuildFile; fileRef = EEE173FF2BFBCDF3003FAF78 /* Movie.swift */; };
/* End PBXBuildFile section */

/* Begin PBXFileReference section */
		EE9ECD482BF5211D00A00F8D /* Movies.app */ = {isa = PBXFileReference; explicitFileType = wrapper.application; includeInIndex = 0; path = Movies.app; sourceTree = BUILT_PRODUCTS_DIR; };
		EE9ECD4B2BF5211D00A00F8D /* AppDelegate.swift */ = {isa = PBXFileReference; lastKnownFileType = sourcecode.swift; path = AppDelegate.swift; sourceTree = "<group>"; };
		EE9ECD4D2BF5211D00A00F8D /* SceneDelegate.swift */ = {isa = PBXFileReference; lastKnownFileType = sourcecode.swift; path = SceneDelegate.swift; sourceTree = "<group>"; };
		EE9ECD4F2BF5211D00A00F8D /* MoviesListViewController.swift */ = {isa = PBXFileReference; lastKnownFileType = sourcecode.swift; path = MoviesListViewController.swift; sourceTree = "<group>"; };
		EE9ECD542BF5211F00A00F8D /* Assets.xcassets */ = {isa = PBXFileReference; lastKnownFileType = folder.assetcatalog; path = Assets.xcassets; sourceTree = "<group>"; };
		EE9ECD572BF5211F00A00F8D /* Base */ = {isa = PBXFileReference; lastKnownFileType = file.storyboard; name = Base; path = Base.lproj/LaunchScreen.storyboard; sourceTree = "<group>"; };
		EE9ECD592BF5211F00A00F8D /* Info.plist */ = {isa = PBXFileReference; lastKnownFileType = text.plist.xml; path = Info.plist; sourceTree = "<group>"; };
		EE9ECD602BF522C300A00F8D /* UIViewController.swift */ = {isa = PBXFileReference; lastKnownFileType = sourcecode.swift; path = UIViewController.swift; sourceTree = "<group>"; };
		EE9ECD622BF5230F00A00F8D /* CodeView.swift */ = {isa = PBXFileReference; lastKnownFileType = sourcecode.swift; path = CodeView.swift; sourceTree = "<group>"; };
		EE9ECD652BF52BFE00A00F8D /* MoviesCollectionView.swift */ = {isa = PBXFileReference; lastKnownFileType = sourcecode.swift; path = MoviesCollectionView.swift; sourceTree = "<group>"; };
		EE9ECD672BF52C7F00A00F8D /* GenreCell.swift */ = {isa = PBXFileReference; lastKnownFileType = sourcecode.swift; path = GenreCell.swift; sourceTree = "<group>"; };
		EE9ECD692BF52EC900A00F8D /* MovieCell.swift */ = {isa = PBXFileReference; lastKnownFileType = sourcecode.swift; path = MovieCell.swift; sourceTree = "<group>"; };
		EE9ECD6B2BF534F600A00F8D /* MoviesListViewModel.swift */ = {isa = PBXFileReference; lastKnownFileType = sourcecode.swift; path = MoviesListViewModel.swift; sourceTree = "<group>"; };
		EE9ECD6D2BF535E500A00F8D /* Bindable.swift */ = {isa = PBXFileReference; lastKnownFileType = sourcecode.swift; path = Bindable.swift; sourceTree = "<group>"; };
		EE9ECD6F2BF536EF00A00F8D /* MovieService.swift */ = {isa = PBXFileReference; lastKnownFileType = sourcecode.swift; path = MovieService.swift; sourceTree = "<group>"; };
		EEE173FF2BFBCDF3003FAF78 /* Movie.swift */ = {isa = PBXFileReference; lastKnownFileType = sourcecode.swift; path = Movie.swift; sourceTree = "<group>"; };
/* End PBXFileReference section */

/* Begin PBXFrameworksBuildPhase section */
		EE9ECD452BF5211D00A00F8D /* Frameworks */ = {
			isa = PBXFrameworksBuildPhase;
			buildActionMask = 2147483647;
			files = (
				EEE173FE2BFBCD4C003FAF78 /* Kingfisher in Frameworks */,
			);
			runOnlyForDeploymentPostprocessing = 0;
		};
/* End PBXFrameworksBuildPhase section */

/* Begin PBXGroup section */
		EE9ECD3F2BF5211D00A00F8D = {
			isa = PBXGroup;
			children = (
				EE9ECD4A2BF5211D00A00F8D /* Movies */,
				EE9ECD492BF5211D00A00F8D /* Products */,
			);
			sourceTree = "<group>";
		};
		EE9ECD492BF5211D00A00F8D /* Products */ = {
			isa = PBXGroup;
			children = (
				EE9ECD482BF5211D00A00F8D /* Movies.app */,
			);
			name = Products;
			sourceTree = "<group>";
		};
		EE9ECD4A2BF5211D00A00F8D /* Movies */ = {
			isa = PBXGroup;
			children = (
				EE9ECD642BF52BD800A00F8D /* Scenes */,
				EE9ECD5F2BF522B600A00F8D /* Commons */,
				EE9ECD4B2BF5211D00A00F8D /* AppDelegate.swift */,
				EE9ECD4D2BF5211D00A00F8D /* SceneDelegate.swift */,
				EE9ECD542BF5211F00A00F8D /* Assets.xcassets */,
				EE9ECD562BF5211F00A00F8D /* LaunchScreen.storyboard */,
				EE9ECD592BF5211F00A00F8D /* Info.plist */,
			);
			path = Movies;
			sourceTree = "<group>";
		};
		EE9ECD5F2BF522B600A00F8D /* Commons */ = {
			isa = PBXGroup;
			children = (
				EE9ECD602BF522C300A00F8D /* UIViewController.swift */,
				EE9ECD622BF5230F00A00F8D /* CodeView.swift */,
				EE9ECD6D2BF535E500A00F8D /* Bindable.swift */,
			);
			path = Commons;
			sourceTree = "<group>";
		};
		EE9ECD642BF52BD800A00F8D /* Scenes */ = {
			isa = PBXGroup;
			children = (
				EEE173FF2BFBCDF3003FAF78 /* Movie.swift */,
				EE9ECD6B2BF534F600A00F8D /* MoviesListViewModel.swift */,
				EE9ECD4F2BF5211D00A00F8D /* MoviesListViewController.swift */,
				EE9ECD652BF52BFE00A00F8D /* MoviesCollectionView.swift */,
				EE9ECD672BF52C7F00A00F8D /* GenreCell.swift */,
				EE9ECD692BF52EC900A00F8D /* MovieCell.swift */,
				EE9ECD6F2BF536EF00A00F8D /* MovieService.swift */,
			);
			path = Scenes;
			sourceTree = "<group>";
		};
/* End PBXGroup section */

/* Begin PBXNativeTarget section */
		EE9ECD472BF5211D00A00F8D /* Movies */ = {
			isa = PBXNativeTarget;
			buildConfigurationList = EE9ECD5C2BF5211F00A00F8D /* Build configuration list for PBXNativeTarget "Movies" */;
			buildPhases = (
				EE9ECD442BF5211D00A00F8D /* Sources */,
				EE9ECD452BF5211D00A00F8D /* Frameworks */,
				EE9ECD462BF5211D00A00F8D /* Resources */,
			);
			buildRules = (
			);
			dependencies = (
			);
			name = Movies;
			packageProductDependencies = (
				EEE173FD2BFBCD4C003FAF78 /* Kingfisher */,
			);
			productName = Movies;
			productReference = EE9ECD482BF5211D00A00F8D /* Movies.app */;
			productType = "com.apple.product-type.application";
		};
/* End PBXNativeTarget section */

/* Begin PBXProject section */
		EE9ECD402BF5211D00A00F8D /* Project object */ = {
			isa = PBXProject;
			attributes = {
				BuildIndependentTargetsInParallel = 1;
				LastSwiftUpdateCheck = 1540;
				LastUpgradeCheck = 1540;
				TargetAttributes = {
					EE9ECD472BF5211D00A00F8D = {
						CreatedOnToolsVersion = 15.4;
					};
				};
			};
			buildConfigurationList = EE9ECD432BF5211D00A00F8D /* Build configuration list for PBXProject "Movies" */;
			compatibilityVersion = "Xcode 14.0";
			developmentRegion = en;
			hasScannedForEncodings = 0;
			knownRegions = (
				en,
				Base,
			);
			mainGroup = EE9ECD3F2BF5211D00A00F8D;
			packageReferences = (
				EEE173FC2BFBCD4C003FAF78 /* XCRemoteSwiftPackageReference "Kingfisher" */,
			);
			productRefGroup = EE9ECD492BF5211D00A00F8D /* Products */;
			projectDirPath = "";
			projectRoot = "";
			targets = (
				EE9ECD472BF5211D00A00F8D /* Movies */,
			);
		};
/* End PBXProject section */

/* Begin PBXResourcesBuildPhase section */
		EE9ECD462BF5211D00A00F8D /* Resources */ = {
			isa = PBXResourcesBuildPhase;
			buildActionMask = 2147483647;
			files = (
				EE9ECD552BF5211F00A00F8D /* Assets.xcassets in Resources */,
				EE9ECD582BF5211F00A00F8D /* Base in Resources */,
			);
			runOnlyForDeploymentPostprocessing = 0;
		};
/* End PBXResourcesBuildPhase section */

/* Begin PBXSourcesBuildPhase section */
		EE9ECD442BF5211D00A00F8D /* Sources */ = {
			isa = PBXSourcesBuildPhase;
			buildActionMask = 2147483647;
			files = (
				EE9ECD6E2BF535E500A00F8D /* Bindable.swift in Sources */,
				EE9ECD502BF5211D00A00F8D /* MoviesListViewController.swift in Sources */,
				EEE174002BFBCDF3003FAF78 /* Movie.swift in Sources */,
				EE9ECD662BF52BFE00A00F8D /* MoviesCollectionView.swift in Sources */,
				EE9ECD6A2BF52EC900A00F8D /* MovieCell.swift in Sources */,
				EE9ECD6C2BF534F600A00F8D /* MoviesListViewModel.swift in Sources */,
				EE9ECD682BF52C7F00A00F8D /* GenreCell.swift in Sources */,
				EE9ECD4C2BF5211D00A00F8D /* AppDelegate.swift in Sources */,
				EE9ECD612BF522C300A00F8D /* UIViewController.swift in Sources */,
				EE9ECD632BF5230F00A00F8D /* CodeView.swift in Sources */,
				EE9ECD4E2BF5211D00A00F8D /* SceneDelegate.swift in Sources */,
				EE9ECD702BF536EF00A00F8D /* MovieService.swift in Sources */,
			);
			runOnlyForDeploymentPostprocessing = 0;
		};
/* End PBXSourcesBuildPhase section */

/* Begin PBXVariantGroup section */
		EE9ECD562BF5211F00A00F8D /* LaunchScreen.storyboard */ = {
			isa = PBXVariantGroup;
			children = (
				EE9ECD572BF5211F00A00F8D /* Base */,
			);
			name = LaunchScreen.storyboard;
			sourceTree = "<group>";
		};
/* End PBXVariantGroup section */

/* Begin XCBuildConfiguration section */
		EE9ECD5A2BF5211F00A00F8D /* Debug */ = {
			isa = XCBuildConfiguration;
			buildSettings = {
				ALWAYS_SEARCH_USER_PATHS = NO;
				ASSETCATALOG_COMPILER_GENERATE_SWIFT_ASSET_SYMBOL_EXTENSIONS = YES;
				CLANG_ANALYZER_NONNULL = YES;
				CLANG_ANALYZER_NUMBER_OBJECT_CONVERSION = YES_AGGRESSIVE;
				CLANG_CXX_LANGUAGE_STANDARD = "gnu++20";
				CLANG_ENABLE_MODULES = YES;
				CLANG_ENABLE_OBJC_ARC = YES;
				CLANG_ENABLE_OBJC_WEAK = YES;
				CLANG_WARN_BLOCK_CAPTURE_AUTORELEASING = YES;
				CLANG_WARN_BOOL_CONVERSION = YES;
				CLANG_WARN_COMMA = YES;
				CLANG_WARN_CONSTANT_CONVERSION = YES;
				CLANG_WARN_DEPRECATED_OBJC_IMPLEMENTATIONS = YES;
				CLANG_WARN_DIRECT_OBJC_ISA_USAGE = YES_ERROR;
				CLANG_WARN_DOCUMENTATION_COMMENTS = YES;
				CLANG_WARN_EMPTY_BODY = YES;
				CLANG_WARN_ENUM_CONVERSION = YES;
				CLANG_WARN_INFINITE_RECURSION = YES;
				CLANG_WARN_INT_CONVERSION = YES;
				CLANG_WARN_NON_LITERAL_NULL_CONVERSION = YES;
				CLANG_WARN_OBJC_IMPLICIT_RETAIN_SELF = YES;
				CLANG_WARN_OBJC_LITERAL_CONVERSION = YES;
				CLANG_WARN_OBJC_ROOT_CLASS = YES_ERROR;
				CLANG_WARN_QUOTED_INCLUDE_IN_FRAMEWORK_HEADER = YES;
				CLANG_WARN_RANGE_LOOP_ANALYSIS = YES;
				CLANG_WARN_STRICT_PROTOTYPES = YES;
				CLANG_WARN_SUSPICIOUS_MOVE = YES;
				CLANG_WARN_UNGUARDED_AVAILABILITY = YES_AGGRESSIVE;
				CLANG_WARN_UNREACHABLE_CODE = YES;
				CLANG_WARN__DUPLICATE_METHOD_MATCH = YES;
				COPY_PHASE_STRIP = NO;
				DEBUG_INFORMATION_FORMAT = dwarf;
				ENABLE_STRICT_OBJC_MSGSEND = YES;
				ENABLE_TESTABILITY = YES;
				ENABLE_USER_SCRIPT_SANDBOXING = YES;
				GCC_C_LANGUAGE_STANDARD = gnu17;
				GCC_DYNAMIC_NO_PIC = NO;
				GCC_NO_COMMON_BLOCKS = YES;
				GCC_OPTIMIZATION_LEVEL = 0;
				GCC_PREPROCESSOR_DEFINITIONS = (
					"DEBUG=1",
					"$(inherited)",
				);
				GCC_WARN_64_TO_32_BIT_CONVERSION = YES;
				GCC_WARN_ABOUT_RETURN_TYPE = YES_ERROR;
				GCC_WARN_UNDECLARED_SELECTOR = YES;
				GCC_WARN_UNINITIALIZED_AUTOS = YES_AGGRESSIVE;
				GCC_WARN_UNUSED_FUNCTION = YES;
				GCC_WARN_UNUSED_VARIABLE = YES;
				IPHONEOS_DEPLOYMENT_TARGET = 17.5;
				LOCALIZATION_PREFERS_STRING_CATALOGS = YES;
				MTL_ENABLE_DEBUG_INFO = INCLUDE_SOURCE;
				MTL_FAST_MATH = YES;
				ONLY_ACTIVE_ARCH = YES;
				SDKROOT = iphoneos;
				SWIFT_ACTIVE_COMPILATION_CONDITIONS = "DEBUG $(inherited)";
				SWIFT_OPTIMIZATION_LEVEL = "-Onone";
			};
			name = Debug;
		};
		EE9ECD5B2BF5211F00A00F8D /* Release */ = {
			isa = XCBuildConfiguration;
			buildSettings = {
				ALWAYS_SEARCH_USER_PATHS = NO;
				ASSETCATALOG_COMPILER_GENERATE_SWIFT_ASSET_SYMBOL_EXTENSIONS = YES;
				CLANG_ANALYZER_NONNULL = YES;
				CLANG_ANALYZER_NUMBER_OBJECT_CONVERSION = YES_AGGRESSIVE;
				CLANG_CXX_LANGUAGE_STANDARD = "gnu++20";
				CLANG_ENABLE_MODULES = YES;
				CLANG_ENABLE_OBJC_ARC = YES;
				CLANG_ENABLE_OBJC_WEAK = YES;
				CLANG_WARN_BLOCK_CAPTURE_AUTORELEASING = YES;
				CLANG_WARN_BOOL_CONVERSION = YES;
				CLANG_WARN_COMMA = YES;
				CLANG_WARN_CONSTANT_CONVERSION = YES;
				CLANG_WARN_DEPRECATED_OBJC_IMPLEMENTATIONS = YES;
				CLANG_WARN_DIRECT_OBJC_ISA_USAGE = YES_ERROR;
				CLANG_WARN_DOCUMENTATION_COMMENTS = YES;
				CLANG_WARN_EMPTY_BODY = YES;
				CLANG_WARN_ENUM_CONVERSION = YES;
				CLANG_WARN_INFINITE_RECURSION = YES;
				CLANG_WARN_INT_CONVERSION = YES;
				CLANG_WARN_NON_LITERAL_NULL_CONVERSION = YES;
				CLANG_WARN_OBJC_IMPLICIT_RETAIN_SELF = YES;
				CLANG_WARN_OBJC_LITERAL_CONVERSION = YES;
				CLANG_WARN_OBJC_ROOT_CLASS = YES_ERROR;
				CLANG_WARN_QUOTED_INCLUDE_IN_FRAMEWORK_HEADER = YES;
				CLANG_WARN_RANGE_LOOP_ANALYSIS = YES;
				CLANG_WARN_STRICT_PROTOTYPES = YES;
				CLANG_WARN_SUSPICIOUS_MOVE = YES;
				CLANG_WARN_UNGUARDED_AVAILABILITY = YES_AGGRESSIVE;
				CLANG_WARN_UNREACHABLE_CODE = YES;
				CLANG_WARN__DUPLICATE_METHOD_MATCH = YES;
				COPY_PHASE_STRIP = NO;
				DEBUG_INFORMATION_FORMAT = "dwarf-with-dsym";
				ENABLE_NS_ASSERTIONS = NO;
				ENABLE_STRICT_OBJC_MSGSEND = YES;
				ENABLE_USER_SCRIPT_SANDBOXING = YES;
				GCC_C_LANGUAGE_STANDARD = gnu17;
				GCC_NO_COMMON_BLOCKS = YES;
				GCC_WARN_64_TO_32_BIT_CONVERSION = YES;
				GCC_WARN_ABOUT_RETURN_TYPE = YES_ERROR;
				GCC_WARN_UNDECLARED_SELECTOR = YES;
				GCC_WARN_UNINITIALIZED_AUTOS = YES_AGGRESSIVE;
				GCC_WARN_UNUSED_FUNCTION = YES;
				GCC_WARN_UNUSED_VARIABLE = YES;
				IPHONEOS_DEPLOYMENT_TARGET = 17.5;
				LOCALIZATION_PREFERS_STRING_CATALOGS = YES;
				MTL_ENABLE_DEBUG_INFO = NO;
				MTL_FAST_MATH = YES;
				SDKROOT = iphoneos;
				SWIFT_COMPILATION_MODE = wholemodule;
				VALIDATE_PRODUCT = YES;
			};
			name = Release;
		};
		EE9ECD5D2BF5211F00A00F8D /* Debug */ = {
			isa = XCBuildConfiguration;
			buildSettings = {
				ASSETCATALOG_COMPILER_APPICON_NAME = AppIcon;
				ASSETCATALOG_COMPILER_GLOBAL_ACCENT_COLOR_NAME = AccentColor;
				CODE_SIGN_STYLE = Automatic;
				CURRENT_PROJECT_VERSION = 1;
				DEVELOPMENT_TEAM = X2PGUA6K9U;
				GENERATE_INFOPLIST_FILE = YES;
				INFOPLIST_FILE = Movies/Info.plist;
				INFOPLIST_KEY_UIApplicationSupportsIndirectInputEvents = YES;
				INFOPLIST_KEY_UILaunchStoryboardName = LaunchScreen;
				INFOPLIST_KEY_UIMainStoryboardFile = "";
				INFOPLIST_KEY_UISupportedInterfaceOrientations_iPad = "UIInterfaceOrientationPortrait UIInterfaceOrientationPortraitUpsideDown UIInterfaceOrientationLandscapeLeft UIInterfaceOrientationLandscapeRight";
				INFOPLIST_KEY_UISupportedInterfaceOrientations_iPhone = "UIInterfaceOrientationPortrait UIInterfaceOrientationLandscapeLeft UIInterfaceOrientationLandscapeRight";
				LD_RUNPATH_SEARCH_PATHS = (
					"$(inherited)",
					"@executable_path/Frameworks",
				);
				MARKETING_VERSION = 1.0;
				PRODUCT_BUNDLE_IDENTIFIER = com.ios.Movies;
				PRODUCT_NAME = "$(TARGET_NAME)";
				SWIFT_EMIT_LOC_STRINGS = YES;
				SWIFT_VERSION = 5.0;
				TARGETED_DEVICE_FAMILY = "1,2";
			};
			name = Debug;
		};
		EE9ECD5E2BF5211F00A00F8D /* Release */ = {
			isa = XCBuildConfiguration;
			buildSettings = {
				ASSETCATALOG_COMPILER_APPICON_NAME = AppIcon;
				ASSETCATALOG_COMPILER_GLOBAL_ACCENT_COLOR_NAME = AccentColor;
				CODE_SIGN_STYLE = Automatic;
				CURRENT_PROJECT_VERSION = 1;
				DEVELOPMENT_TEAM = X2PGUA6K9U;
				GENERATE_INFOPLIST_FILE = YES;
				INFOPLIST_FILE = Movies/Info.plist;
				INFOPLIST_KEY_UIApplicationSupportsIndirectInputEvents = YES;
				INFOPLIST_KEY_UILaunchStoryboardName = LaunchScreen;
				INFOPLIST_KEY_UIMainStoryboardFile = "";
				INFOPLIST_KEY_UISupportedInterfaceOrientations_iPad = "UIInterfaceOrientationPortrait UIInterfaceOrientationPortraitUpsideDown UIInterfaceOrientationLandscapeLeft UIInterfaceOrientationLandscapeRight";
				INFOPLIST_KEY_UISupportedInterfaceOrientations_iPhone = "UIInterfaceOrientationPortrait UIInterfaceOrientationLandscapeLeft UIInterfaceOrientationLandscapeRight";
				LD_RUNPATH_SEARCH_PATHS = (
					"$(inherited)",
					"@executable_path/Frameworks",
				);
				MARKETING_VERSION = 1.0;
				PRODUCT_BUNDLE_IDENTIFIER = com.ios.Movies;
				PRODUCT_NAME = "$(TARGET_NAME)";
				SWIFT_EMIT_LOC_STRINGS = YES;
				SWIFT_VERSION = 5.0;
				TARGETED_DEVICE_FAMILY = "1,2";
			};
			name = Release;
		};
/* End XCBuildConfiguration section */

/* Begin XCConfigurationList section */
		EE9ECD432BF5211D00A00F8D /* Build configuration list for PBXProject "Movies" */ = {
			isa = XCConfigurationList;
			buildConfigurations = (
				EE9ECD5A2BF5211F00A00F8D /* Debug */,
				EE9ECD5B2BF5211F00A00F8D /* Release */,
			);
			defaultConfigurationIsVisible = 0;
			defaultConfigurationName = Release;
		};
		EE9ECD5C2BF5211F00A00F8D /* Build configuration list for PBXNativeTarget "Movies" */ = {
			isa = XCConfigurationList;
			buildConfigurations = (
				EE9ECD5D2BF5211F00A00F8D /* Debug */,
				EE9ECD5E2BF5211F00A00F8D /* Release */,
			);
			defaultConfigurationIsVisible = 0;
			defaultConfigurationName = Release;
		};
/* End XCConfigurationList section */

/* Begin XCRemoteSwiftPackageReference section */
		EEE173FC2BFBCD4C003FAF78 /* XCRemoteSwiftPackageReference "Kingfisher" */ = {
			isa = XCRemoteSwiftPackageReference;
			repositoryURL = "https://github.com/onevcat/Kingfisher";
			requirement = {
				kind = upToNextMajorVersion;
				minimumVersion = 7.11.0;
			};
		};
/* End XCRemoteSwiftPackageReference section */

/* Begin XCSwiftPackageProductDependency section */
		EEE173FD2BFBCD4C003FAF78 /* Kingfisher */ = {
			isa = XCSwiftPackageProductDependency;
			package = EEE173FC2BFBCD4C003FAF78 /* XCRemoteSwiftPackageReference "Kingfisher" */;
			productName = Kingfisher;
		};
/* End XCSwiftPackageProductDependency section */
	};
	rootObject = EE9ECD402BF5211D00A00F8D /* Project object */;
}
